
Microsoft Visual Studio Solution File, Format Version 12.00
Project("{FAE04EC0-301F-11D3-BF4B-00C04F79EFBC}") = "CSharp_droidRat_GUI_Server", "CSharp_droidRat_GUI_Server.csproj", "{313644E1-799A-4C09-9D8E-5F158ABFC867}"
EndProject
Global
	GlobalSection(SolutionConfigurationPlatforms) = preSolution
		Debug|Any CPU = Debug|Any CPU
		Release|Any CPU = Release|Any CPU
	EndGlobalSection
	GlobalSection(ProjectConfigurationPlatforms) = postSolution
		{313644E1-799A-4C09-9D8E-5F158ABFC867}.Debug|Any CPU.ActiveCfg = Debug|Any CPU
		{313644E1-799A-4C09-9D8E-5F158ABFC867}.Debug|Any CPU.Build.0 = Debug|Any CPU
		{313644E1-799A-4C09-9D8E-5F158ABFC867}.Release|Any CPU.ActiveCfg = Release|Any CPU
		{313644E1-799A-4C09-9D8E-5F158ABFC867}.Release|Any CPU.Build.0 = Release|Any CPU
	EndGlobalSection
EndGlobal
